// !$*UTF8*$!
{
	archiveVersion = 1;
	classes = {
	};
	objectVersion = 50;
	objects = {

/* Begin PBXBuildFile section */
		165F54B424BE203400967D64 /* AppDelegate.swift in Sources */ = {isa = PBXBuildFile; fileRef = 165F54B324BE203400967D64 /* AppDelegate.swift */; };
		165F54B624BE203400967D64 /* SceneDelegate.swift in Sources */ = {isa = PBXBuildFile; fileRef = 165F54B524BE203400967D64 /* SceneDelegate.swift */; };
		165F54B824BE203400967D64 /* ViewController.swift in Sources */ = {isa = PBXBuildFile; fileRef = 165F54B724BE203400967D64 /* ViewController.swift */; };
		165F54BB24BE203400967D64 /* Main.storyboard in Resources */ = {isa = PBXBuildFile; fileRef = 165F54B924BE203400967D64 /* Main.storyboard */; };
		165F54BE24BE203400967D64 /* ToDoList.xcdatamodeld in Sources */ = {isa = PBXBuildFile; fileRef = 165F54BC24BE203400967D64 /* ToDoList.xcdatamodeld */; };
		165F54C024BE205100967D64 /* Assets.xcassets in Resources */ = {isa = PBXBuildFile; fileRef = 165F54BF24BE205100967D64 /* Assets.xcassets */; };
		165F54C324BE205100967D64 /* LaunchScreen.storyboard in Resources */ = {isa = PBXBuildFile; fileRef = 165F54C124BE205100967D64 /* LaunchScreen.storyboard */; };
		165F54CE24BE205200967D64 /* ToDoListTests.swift in Sources */ = {isa = PBXBuildFile; fileRef = 165F54CD24BE205200967D64 /* ToDoListTests.swift */; };
		165F54D924BE205300967D64 /* ToDoListUITests.swift in Sources */ = {isa = PBXBuildFile; fileRef = 165F54D824BE205300967D64 /* ToDoListUITests.swift */; };
/* End PBXBuildFile section */

/* Begin PBXContainerItemProxy section */
		165F54CA24BE205200967D64 /* PBXContainerItemProxy */ = {
			isa = PBXContainerItemProxy;
			containerPortal = 165F54A824BE203400967D64 /* Project object */;
			proxyType = 1;
			remoteGlobalIDString = 165F54AF24BE203400967D64;
			remoteInfo = ToDoList;
		};
		165F54D524BE205300967D64 /* PBXContainerItemProxy */ = {
			isa = PBXContainerItemProxy;
			containerPortal = 165F54A824BE203400967D64 /* Project object */;
			proxyType = 1;
			remoteGlobalIDString = 165F54AF24BE203400967D64;
			remoteInfo = ToDoList;
		};
/* End PBXContainerItemProxy section */

/* Begin PBXFileReference section */
		165F54B024BE203400967D64 /* ToDoList.app */ = {isa = PBXFileReference; explicitFileType = wrapper.application; includeInIndex = 0; path = ToDoList.app; sourceTree = BUILT_PRODUCTS_DIR; };
		165F54B324BE203400967D64 /* AppDelegate.swift */ = {isa = PBXFileReference; lastKnownFileType = sourcecode.swift; path = AppDelegate.swift; sourceTree = "<group>"; };
		165F54B524BE203400967D64 /* SceneDelegate.swift */ = {isa = PBXFileReference; lastKnownFileType = sourcecode.swift; path = SceneDelegate.swift; sourceTree = "<group>"; };
		165F54B724BE203400967D64 /* ViewController.swift */ = {isa = PBXFileReference; lastKnownFileType = sourcecode.swift; path = ViewController.swift; sourceTree = "<group>"; };
		165F54BA24BE203400967D64 /* Base */ = {isa = PBXFileReference; lastKnownFileType = file.storyboard; name = Base; path = Base.lproj/Main.storyboard; sourceTree = "<group>"; };
		165F54BD24BE203400967D64 /* ToDoList.xcdatamodel */ = {isa = PBXFileReference; lastKnownFileType = wrapper.xcdatamodel; path = ToDoList.xcdatamodel; sourceTree = "<group>"; };
		165F54BF24BE205100967D64 /* Assets.xcassets */ = {isa = PBXFileReference; lastKnownFileType = folder.assetcatalog; path = Assets.xcassets; sourceTree = "<group>"; };
		165F54C224BE205100967D64 /* Base */ = {isa = PBXFileReference; lastKnownFileType = file.storyboard; name = Base; path = Base.lproj/LaunchScreen.storyboard; sourceTree = "<group>"; };
		165F54C424BE205100967D64 /* Info.plist */ = {isa = PBXFileReference; lastKnownFileType = text.plist.xml; path = Info.plist; sourceTree = "<group>"; };
		165F54C924BE205200967D64 /* ToDoListTests.xctest */ = {isa = PBXFileReference; explicitFileType = wrapper.cfbundle; includeInIndex = 0; path = ToDoListTests.xctest; sourceTree = BUILT_PRODUCTS_DIR; };
		165F54CD24BE205200967D64 /* ToDoListTests.swift */ = {isa = PBXFileReference; lastKnownFileType = sourcecode.swift; path = ToDoListTests.swift; sourceTree = "<group>"; };
		165F54CF24BE205200967D64 /* Info.plist */ = {isa = PBXFileReference; lastKnownFileType = text.plist.xml; path = Info.plist; sourceTree = "<group>"; };
		165F54D424BE205300967D64 /* ToDoListUITests.xctest */ = {isa = PBXFileReference; explicitFileType = wrapper.cfbundle; includeInIndex = 0; path = ToDoListUITests.xctest; sourceTree = BUILT_PRODUCTS_DIR; };
		165F54D824BE205300967D64 /* ToDoListUITests.swift */ = {isa = PBXFileReference; lastKnownFileType = sourcecode.swift; path = ToDoListUITests.swift; sourceTree = "<group>"; };
		165F54DA24BE205300967D64 /* Info.plist */ = {isa = PBXFileReference; lastKnownFileType = text.plist.xml; path = Info.plist; sourceTree = "<group>"; };
/* End PBXFileReference section */

/* Begin PBXFrameworksBuildPhase section */
		165F54AD24BE203400967D64 /* Frameworks */ = {
			isa = PBXFrameworksBuildPhase;
			buildActionMask = 2147483647;
			files = (
			);
			runOnlyForDeploymentPostprocessing = 0;
		};
		165F54C624BE205200967D64 /* Frameworks */ = {
			isa = PBXFrameworksBuildPhase;
			buildActionMask = 2147483647;
			files = (
			);
			runOnlyForDeploymentPostprocessing = 0;
		};
		165F54D124BE205300967D64 /* Frameworks */ = {
			isa = PBXFrameworksBuildPhase;
			buildActionMask = 2147483647;
			files = (
			);
			runOnlyForDeploymentPostprocessing = 0;
		};
/* End PBXFrameworksBuildPhase section */

/* Begin PBXGroup section */
		165F54A724BE203300967D64 = {
			isa = PBXGroup;
			children = (
				165F54B224BE203400967D64 /* ToDoList */,
				165F54CC24BE205200967D64 /* ToDoListTests */,
				165F54D724BE205300967D64 /* ToDoListUITests */,
				165F54B124BE203400967D64 /* Products */,
			);
			sourceTree = "<group>";
		};
		165F54B124BE203400967D64 /* Products */ = {
			isa = PBXGroup;
			children = (
				165F54B024BE203400967D64 /* ToDoList.app */,
				165F54C924BE205200967D64 /* ToDoListTests.xctest */,
				165F54D424BE205300967D64 /* ToDoListUITests.xctest */,
			);
			name = Products;
			sourceTree = "<group>";
		};
		165F54B224BE203400967D64 /* ToDoList */ = {
			isa = PBXGroup;
			children = (
				165F54B324BE203400967D64 /* AppDelegate.swift */,
				165F54B524BE203400967D64 /* SceneDelegate.swift */,
				165F54B724BE203400967D64 /* ViewController.swift */,
				165F54B924BE203400967D64 /* Main.storyboard */,
				165F54BF24BE205100967D64 /* Assets.xcassets */,
				165F54C124BE205100967D64 /* LaunchScreen.storyboard */,
				165F54C424BE205100967D64 /* Info.plist */,
				165F54BC24BE203400967D64 /* ToDoList.xcdatamodeld */,
			);
			path = ToDoList;
			sourceTree = "<group>";
		};
		165F54CC24BE205200967D64 /* ToDoListTests */ = {
			isa = PBXGroup;
			children = (
				165F54CD24BE205200967D64 /* ToDoListTests.swift */,
				165F54CF24BE205200967D64 /* Info.plist */,
			);
			path = ToDoListTests;
			sourceTree = "<group>";
		};
		165F54D724BE205300967D64 /* ToDoListUITests */ = {
			isa = PBXGroup;
			children = (
				165F54D824BE205300967D64 /* ToDoListUITests.swift */,
				165F54DA24BE205300967D64 /* Info.plist */,
			);
			path = ToDoListUITests;
			sourceTree = "<group>";
		};
/* End PBXGroup section */

/* Begin PBXNativeTarget section */
		165F54AF24BE203400967D64 /* ToDoList */ = {
			isa = PBXNativeTarget;
			buildConfigurationList = 165F54DD24BE205300967D64 /* Build configuration list for PBXNativeTarget "ToDoList" */;
			buildPhases = (
				165F54AC24BE203400967D64 /* Sources */,
				165F54AD24BE203400967D64 /* Frameworks */,
				165F54AE24BE203400967D64 /* Resources */,
			);
			buildRules = (
			);
			dependencies = (
			);
			name = ToDoList;
			productName = ToDoList;
			productReference = 165F54B024BE203400967D64 /* ToDoList.app */;
			productType = "com.apple.product-type.application";
		};
		165F54C824BE205200967D64 /* ToDoListTests */ = {
			isa = PBXNativeTarget;
			buildConfigurationList = 165F54E024BE205300967D64 /* Build configuration list for PBXNativeTarget "ToDoListTests" */;
			buildPhases = (
				165F54C524BE205200967D64 /* Sources */,
				165F54C624BE205200967D64 /* Frameworks */,
				165F54C724BE205200967D64 /* Resources */,
			);
			buildRules = (
			);
			dependencies = (
				165F54CB24BE205200967D64 /* PBXTargetDependency */,
			);
			name = ToDoListTests;
			productName = ToDoListTests;
			productReference = 165F54C924BE205200967D64 /* ToDoListTests.xctest */;
			productType = "com.apple.product-type.bundle.unit-test";
		};
		165F54D324BE205300967D64 /* ToDoListUITests */ = {
			isa = PBXNativeTarget;
			buildConfigurationList = 165F54E324BE205300967D64 /* Build configuration list for PBXNativeTarget "ToDoListUITests" */;
			buildPhases = (
				165F54D024BE205300967D64 /* Sources */,
				165F54D124BE205300967D64 /* Frameworks */,
				165F54D224BE205300967D64 /* Resources */,
			);
			buildRules = (
			);
			dependencies = (
				165F54D624BE205300967D64 /* PBXTargetDependency */,
			);
			name = ToDoListUITests;
			productName = ToDoListUITests;
			productReference = 165F54D424BE205300967D64 /* ToDoListUITests.xctest */;
			productType = "com.apple.product-type.bundle.ui-testing";
		};
/* End PBXNativeTarget section */

/* Begin PBXProject section */
		165F54A824BE203400967D64 /* Project object */ = {
			isa = PBXProject;
			attributes = {
				LastSwiftUpdateCheck = 1150;
				LastUpgradeCheck = 1150;
				ORGANIZATIONNAME = "Vivian Wang";
				TargetAttributes = {
					165F54AF24BE203400967D64 = {
						CreatedOnToolsVersion = 11.5;
					};
					165F54C824BE205200967D64 = {
						CreatedOnToolsVersion = 11.5;
						TestTargetID = 165F54AF24BE203400967D64;
					};
					165F54D324BE205300967D64 = {
						CreatedOnToolsVersion = 11.5;
						TestTargetID = 165F54AF24BE203400967D64;
					};
				};
			};
			buildConfigurationList = 165F54AB24BE203400967D64 /* Build configuration list for PBXProject "ToDoList" */;
			compatibilityVersion = "Xcode 9.3";
			developmentRegion = en;
			hasScannedForEncodings = 0;
			knownRegions = (
				en,
				Base,
			);
			mainGroup = 165F54A724BE203300967D64;
			productRefGroup = 165F54B124BE203400967D64 /* Products */;
			projectDirPath = "";
			projectRoot = "";
			targets = (
				165F54AF24BE203400967D64 /* ToDoList */,
				165F54C824BE205200967D64 /* ToDoListTests */,
				165F54D324BE205300967D64 /* ToDoListUITests */,
			);
		};
/* End PBXProject section */

/* Begin PBXResourcesBuildPhase section */
		165F54AE24BE203400967D64 /* Resources */ = {
			isa = PBXResourcesBuildPhase;
			buildActionMask = 2147483647;
			files = (
				165F54C324BE205100967D64 /* LaunchScreen.storyboard in Resources */,
				165F54C024BE205100967D64 /* Assets.xcassets in Resources */,
				165F54BB24BE203400967D64 /* Main.storyboard in Resources */,
			);
			runOnlyForDeploymentPostprocessing = 0;
		};
		165F54C724BE205200967D64 /* Resources */ = {
			isa = PBXResourcesBuildPhase;
			buildActionMask = 2147483647;
			files = (
			);
			runOnlyForDeploymentPostprocessing = 0;
		};
		165F54D224BE205300967D64 /* Resources */ = {
			isa = PBXResourcesBuildPhase;
			buildActionMask = 2147483647;
			files = (
			);
			runOnlyForDeploymentPostprocessing = 0;
		};
/* End PBXResourcesBuildPhase section */

/* Begin PBXSourcesBuildPhase section */
		165F54AC24BE203400967D64 /* Sources */ = {
			isa = PBXSourcesBuildPhase;
			buildActionMask = 2147483647;
			files = (
				165F54B824BE203400967D64 /* ViewController.swift in Sources */,
				165F54B424BE203400967D64 /* AppDelegate.swift in Sources */,
				165F54B624BE203400967D64 /* SceneDelegate.swift in Sources */,
				165F54BE24BE203400967D64 /* ToDoList.xcdatamodeld in Sources */,
			);
			runOnlyForDeploymentPostprocessing = 0;
		};
		165F54C524BE205200967D64 /* Sources */ = {
			isa = PBXSourcesBuildPhase;
			buildActionMask = 2147483647;
			files = (
				165F54CE24BE205200967D64 /* ToDoListTests.swift in Sources */,
			);
			runOnlyForDeploymentPostprocessing = 0;
		};
		165F54D024BE205300967D64 /* Sources */ = {
			isa = PBXSourcesBuildPhase;
			buildActionMask = 2147483647;
			files = (
				165F54D924BE205300967D64 /* ToDoListUITests.swift in Sources */,
			);
			runOnlyForDeploymentPostprocessing = 0;
		};
/* End PBXSourcesBuildPhase section */

/* Begin PBXTargetDependency section */
		165F54CB24BE205200967D64 /* PBXTargetDependency */ = {
			isa = PBXTargetDependency;
			target = 165F54AF24BE203400967D64 /* ToDoList */;
			targetProxy = 165F54CA24BE205200967D64 /* PBXContainerItemProxy */;
		};
		165F54D624BE205300967D64 /* PBXTargetDependency */ = {
			isa = PBXTargetDependency;
			target = 165F54AF24BE203400967D64 /* ToDoList */;
			targetProxy = 165F54D524BE205300967D64 /* PBXContainerItemProxy */;
		};
/* End PBXTargetDependency section */

/* Begin PBXVariantGroup section */
		165F54B924BE203400967D64 /* Main.storyboard */ = {
			isa = PBXVariantGroup;
			children = (
				165F54BA24BE203400967D64 /* Base */,
			);
			name = Main.storyboard;
			sourceTree = "<group>";
		};
		165F54C124BE205100967D64 /* LaunchScreen.storyboard */ = {
			isa = PBXVariantGroup;
			children = (
				165F54C224BE205100967D64 /* Base */,
			);
			name = LaunchScreen.storyboard;
			sourceTree = "<group>";
		};
/* End PBXVariantGroup section */

/* Begin XCBuildConfiguration section */
		165F54DB24BE205300967D64 /* Debug */ = {
			isa = XCBuildConfiguration;
			buildSettings = {
				ALWAYS_SEARCH_USER_PATHS = NO;
				CLANG_ANALYZER_NONNULL = YES;
				CLANG_ANALYZER_NUMBER_OBJECT_CONVERSION = YES_AGGRESSIVE;
				CLANG_CXX_LANGUAGE_STANDARD = "gnu++14";
				CLANG_CXX_LIBRARY = "libc++";
				CLANG_ENABLE_MODULES = YES;
				CLANG_ENABLE_OBJC_ARC = YES;
				CLANG_ENABLE_OBJC_WEAK = YES;
				CLANG_WARN_BLOCK_CAPTURE_AUTORELEASING = YES;
				CLANG_WARN_BOOL_CONVERSION = YES;
				CLANG_WARN_COMMA = YES;
				CLANG_WARN_CONSTANT_CONVERSION = YES;
				CLANG_WARN_DEPRECATED_OBJC_IMPLEMENTATIONS = YES;
				CLANG_WARN_DIRECT_OBJC_ISA_USAGE = YES_ERROR;
				CLANG_WARN_DOCUMENTATION_COMMENTS = YES;
				CLANG_WARN_EMPTY_BODY = YES;
				CLANG_WARN_ENUM_CONVERSION = YES;
				CLANG_WARN_INFINITE_RECURSION = YES;
				CLANG_WARN_INT_CONVERSION = YES;
				CLANG_WARN_NON_LITERAL_NULL_CONVERSION = YES;
				CLANG_WARN_OBJC_IMPLICIT_RETAIN_SELF = YES;
				CLANG_WARN_OBJC_LITERAL_CONVERSION = YES;
				CLANG_WARN_OBJC_ROOT_CLASS = YES_ERROR;
				CLANG_WARN_RANGE_LOOP_ANALYSIS = YES;
				CLANG_WARN_STRICT_PROTOTYPES = YES;
				CLANG_WARN_SUSPICIOUS_MOVE = YES;
				CLANG_WARN_UNGUARDED_AVAILABILITY = YES_AGGRESSIVE;
				CLANG_WARN_UNREACHABLE_CODE = YES;
				CLANG_WARN__DUPLICATE_METHOD_MATCH = YES;
				COPY_PHASE_STRIP = NO;
				DEBUG_INFORMATION_FORMAT = dwarf;
				ENABLE_STRICT_OBJC_MSGSEND = YES;
				ENABLE_TESTABILITY = YES;
				GCC_C_LANGUAGE_STANDARD = gnu11;
				GCC_DYNAMIC_NO_PIC = NO;
				GCC_NO_COMMON_BLOCKS = YES;
				GCC_OPTIMIZATION_LEVEL = 0;
				GCC_PREPROCESSOR_DEFINITIONS = (
					"DEBUG=1",
					"$(inherited)",
				);
				GCC_WARN_64_TO_32_BIT_CONVERSION = YES;
				GCC_WARN_ABOUT_RETURN_TYPE = YES_ERROR;
				GCC_WARN_UNDECLARED_SELECTOR = YES;
				GCC_WARN_UNINITIALIZED_AUTOS = YES_AGGRESSIVE;
				GCC_WARN_UNUSED_FUNCTION = YES;
				GCC_WARN_UNUSED_VARIABLE = YES;
				IPHONEOS_DEPLOYMENT_TARGET = 13.5;
				MTL_ENABLE_DEBUG_INFO = INCLUDE_SOURCE;
				MTL_FAST_MATH = YES;
				ONLY_ACTIVE_ARCH = YES;
				SDKROOT = iphoneos;
				SWIFT_ACTIVE_COMPILATION_CONDITIONS = DEBUG;
				SWIFT_OPTIMIZATION_LEVEL = "-Onone";
			};
			name = Debug;
		};
		165F54DC24BE205300967D64 /* Release */ = {
			isa = XCBuildConfiguration;
			buildSettings = {
				ALWAYS_SEARCH_USER_PATHS = NO;
				CLANG_ANALYZER_NONNULL = YES;
				CLANG_ANALYZER_NUMBER_OBJECT_CONVERSION = YES_AGGRESSIVE;
				CLANG_CXX_LANGUAGE_STANDARD = "gnu++14";
				CLANG_CXX_LIBRARY = "libc++";
				CLANG_ENABLE_MODULES = YES;
				CLANG_ENABLE_OBJC_ARC = YES;
				CLANG_ENABLE_OBJC_WEAK = YES;
				CLANG_WARN_BLOCK_CAPTURE_AUTORELEASING = YES;
				CLANG_WARN_BOOL_CONVERSION = YES;
				CLANG_WARN_COMMA = YES;
				CLANG_WARN_CONSTANT_CONVERSION = YES;
				CLANG_WARN_DEPRECATED_OBJC_IMPLEMENTATIONS = YES;
				CLANG_WARN_DIRECT_OBJC_ISA_USAGE = YES_ERROR;
				CLANG_WARN_DOCUMENTATION_COMMENTS = YES;
				CLANG_WARN_EMPTY_BODY = YES;
				CLANG_WARN_ENUM_CONVERSION = YES;
				CLANG_WARN_INFINITE_RECURSION = YES;
				CLANG_WARN_INT_CONVERSION = YES;
				CLANG_WARN_NON_LITERAL_NULL_CONVERSION = YES;
				CLANG_WARN_OBJC_IMPLICIT_RETAIN_SELF = YES;
				CLANG_WARN_OBJC_LITERAL_CONVERSION = YES;
				CLANG_WARN_OBJC_ROOT_CLASS = YES_ERROR;
				CLANG_WARN_RANGE_LOOP_ANALYSIS = YES;
				CLANG_WARN_STRICT_PROTOTYPES = YES;
				CLANG_WARN_SUSPICIOUS_MOVE = YES;
				CLANG_WARN_UNGUARDED_AVAILABILITY = YES_AGGRESSIVE;
				CLANG_WARN_UNREACHABLE_CODE = YES;
				CLANG_WARN__DUPLICATE_METHOD_MATCH = YES;
				COPY_PHASE_STRIP = NO;
				DEBUG_INFORMATION_FORMAT = "dwarf-with-dsym";
				ENABLE_NS_ASSERTIONS = NO;
				ENABLE_STRICT_OBJC_MSGSEND = YES;
				GCC_C_LANGUAGE_STANDARD = gnu11;
				GCC_NO_COMMON_BLOCKS = YES;
				GCC_WARN_64_TO_32_BIT_CONVERSION = YES;
				GCC_WARN_ABOUT_RETURN_TYPE = YES_ERROR;
				GCC_WARN_UNDECLARED_SELECTOR = YES;
				GCC_WARN_UNINITIALIZED_AUTOS = YES_AGGRESSIVE;
				GCC_WARN_UNUSED_FUNCTION = YES;
				GCC_WARN_UNUSED_VARIABLE = YES;
				IPHONEOS_DEPLOYMENT_TARGET = 13.5;
				MTL_ENABLE_DEBUG_INFO = NO;
				MTL_FAST_MATH = YES;
				SDKROOT = iphoneos;
				SWIFT_COMPILATION_MODE = wholemodule;
				SWIFT_OPTIMIZATION_LEVEL = "-O";
				VALIDATE_PRODUCT = YES;
			};
			name = Release;
		};
		165F54DE24BE205300967D64 /* Debug */ = {
			isa = XCBuildConfiguration;
			buildSettings = {
				ASSETCATALOG_COMPILER_APPICON_NAME = AppIcon;
				CODE_SIGN_STYLE = Automatic;
				DEVELOPMENT_TEAM = L4H36C5UQ6;
				INFOPLIST_FILE = ToDoList/Info.plist;
				LD_RUNPATH_SEARCH_PATHS = (
					"$(inherited)",
					"@executable_path/Frameworks",
				);
				PRODUCT_BUNDLE_IDENTIFIER = vivianwang.ToDoList;
				PRODUCT_NAME = "$(TARGET_NAME)";
				SWIFT_VERSION = 5.0;
				TARGETED_DEVICE_FAMILY = "1,2";
			};
			name = Debug;
		};
		165F54DF24BE205300967D64 /* Release */ = {
			isa = XCBuildConfiguration;
			buildSettings = {
				ASSETCATALOG_COMPILER_APPICON_NAME = AppIcon;
				CODE_SIGN_STYLE = Automatic;
				DEVELOPMENT_TEAM = L4H36C5UQ6;
				INFOPLIST_FILE = ToDoList/Info.plist;
				LD_RUNPATH_SEARCH_PATHS = (
					"$(inherited)",
					"@executable_path/Frameworks",
				);
				PRODUCT_BUNDLE_IDENTIFIER = vivianwang.ToDoList;
				PRODUCT_NAME = "$(TARGET_NAME)";
				SWIFT_VERSION = 5.0;
				TARGETED_DEVICE_FAMILY = "1,2";
			};
			name = Release;
		};
		165F54E124BE205300967D64 /* Debug */ = {
			isa = XCBuildConfiguration;
			buildSettings = {
				ALWAYS_EMBED_SWIFT_STANDARD_LIBRARIES = YES;
				BUNDLE_LOADER = "$(TEST_HOST)";
				CODE_SIGN_STYLE = Automatic;
				DEVELOPMENT_TEAM = L4H36C5UQ6;
				INFOPLIST_FILE = ToDoListTests/Info.plist;
				IPHONEOS_DEPLOYMENT_TARGET = 13.5;
				LD_RUNPATH_SEARCH_PATHS = (
					"$(inherited)",
					"@executable_path/Frameworks",
					"@loader_path/Frameworks",
				);
				PRODUCT_BUNDLE_IDENTIFIER = vivianwang.ToDoListTests;
				PRODUCT_NAME = "$(TARGET_NAME)";
				SWIFT_VERSION = 5.0;
				TARGETED_DEVICE_FAMILY = "1,2";
				TEST_HOST = "$(BUILT_PRODUCTS_DIR)/ToDoList.app/ToDoList";
			};
			name = Debug;
		};
		165F54E224BE205300967D64 /* Release */ = {
			isa = XCBuildConfiguration;
			buildSettings = {
				ALWAYS_EMBED_SWIFT_STANDARD_LIBRARIES = YES;
				BUNDLE_LOADER = "$(TEST_HOST)";
				CODE_SIGN_STYLE = Automatic;
				DEVELOPMENT_TEAM = L4H36C5UQ6;
				INFOPLIST_FILE = ToDoListTests/Info.plist;
				IPHONEOS_DEPLOYMENT_TARGET = 13.5;
				LD_RUNPATH_SEARCH_PATHS = (
					"$(inherited)",
					"@executable_path/Frameworks",
					"@loader_path/Frameworks",
				);
				PRODUCT_BUNDLE_IDENTIFIER = vivianwang.ToDoListTests;
				PRODUCT_NAME = "$(TARGET_NAME)";
				SWIFT_VERSION = 5.0;
				TARGETED_DEVICE_FAMILY = "1,2";
				TEST_HOST = "$(BUILT_PRODUCTS_DIR)/ToDoList.app/ToDoList";
			};
			name = Release;
		};
		165F54E424BE205300967D64 /* Debug */ = {
			isa = XCBuildConfiguration;
			buildSettings = {
				ALWAYS_EMBED_SWIFT_STANDARD_LIBRARIES = YES;
				CODE_SIGN_STYLE = Automatic;
				DEVELOPMENT_TEAM = L4H36C5UQ6;
				INFOPLIST_FILE = ToDoListUITests/Info.plist;
				LD_RUNPATH_SEARCH_PATHS = (
					"$(inherited)",
					"@executable_path/Frameworks",
					"@loader_path/Frameworks",
				);
				PRODUCT_BUNDLE_IDENTIFIER = vivianwang.ToDoListUITests;
				PRODUCT_NAME = "$(TARGET_NAME)";
				SWIFT_VERSION = 5.0;
				TARGETED_DEVICE_FAMILY = "1,2";
				TEST_TARGET_NAME = ToDoList;
			};
			name = Debug;
		};
		165F54E524BE205300967D64 /* Release */ = {
			isa = XCBuildConfiguration;
			buildSettings = {
				ALWAYS_EMBED_SWIFT_STANDARD_LIBRARIES = YES;
				CODE_SIGN_STYLE = Automatic;
				DEVELOPMENT_TEAM = L4H36C5UQ6;
				INFOPLIST_FILE = ToDoListUITests/Info.plist;
				LD_RUNPATH_SEARCH_PATHS = (
					"$(inherited)",
					"@executable_path/Frameworks",
					"@loader_path/Frameworks",
				);
				PRODUCT_BUNDLE_IDENTIFIER = vivianwang.ToDoListUITests;
				PRODUCT_NAME = "$(TARGET_NAME)";
				SWIFT_VERSION = 5.0;
				TARGETED_DEVICE_FAMILY = "1,2";
				TEST_TARGET_NAME = ToDoList;
			};
			name = Release;
		};
/* End XCBuildConfiguration section */

/* Begin XCConfigurationList section */
		165F54AB24BE203400967D64 /* Build configuration list for PBXProject "ToDoList" */ = {
			isa = XCConfigurationList;
			buildConfigurations = (
				165F54DB24BE205300967D64 /* Debug */,
				165F54DC24BE205300967D64 /* Release */,
			);
			defaultConfigurationIsVisible = 0;
			defaultConfigurationName = Release;
		};
		165F54DD24BE205300967D64 /* Build configuration list for PBXNativeTarget "ToDoList" */ = {
			isa = XCConfigurationList;
			buildConfigurations = (
				165F54DE24BE205300967D64 /* Debug */,
				165F54DF24BE205300967D64 /* Release */,
			);
			defaultConfigurationIsVisible = 0;
			defaultConfigurationName = Release;
		};
		165F54E024BE205300967D64 /* Build configuration list for PBXNativeTarget "ToDoListTests" */ = {
			isa = XCConfigurationList;
			buildConfigurations = (
				165F54E124BE205300967D64 /* Debug */,
				165F54E224BE205300967D64 /* Release */,
			);
			defaultConfigurationIsVisible = 0;
			defaultConfigurationName = Release;
		};
		165F54E324BE205300967D64 /* Build configuration list for PBXNativeTarget "ToDoListUITests" */ = {
			isa = XCConfigurationList;
			buildConfigurations = (
				165F54E424BE205300967D64 /* Debug */,
				165F54E524BE205300967D64 /* Release */,
			);
			defaultConfigurationIsVisible = 0;
			defaultConfigurationName = Release;
		};
/* End XCConfigurationList section */

/* Begin XCVersionGroup section */
		165F54BC24BE203400967D64 /* ToDoList.xcdatamodeld */ = {
			isa = XCVersionGroup;
			children = (
				165F54BD24BE203400967D64 /* ToDoList.xcdatamodel */,
			);
			currentVersion = 165F54BD24BE203400967D64 /* ToDoList.xcdatamodel */;
			path = ToDoList.xcdatamodeld;
			sourceTree = "<group>";
			versionGroupType = wrapper.xcdatamodel;
		};
/* End XCVersionGroup section */
	};
	rootObject = 165F54A824BE203400967D64 /* Project object */;
}
